// !$*UTF8*$!
{
	archiveVersion = 1;
	classes = {
	};
	objectVersion = 46;
	objects = {

/* Begin PBXBuildFile section */
		33C6730ED6BC900B18C964E2 /* libPods-WeexIOS.a in Frameworks */ = {isa = PBXBuildFile; fileRef = DA7F4F9FFDBB2B016203E5ED /* libPods-WeexIOS.a */; };
		3E110B921DF6943000C11AFF /* main.m in Sources */ = {isa = PBXBuildFile; fileRef = 3E110B911DF6943000C11AFF /* main.m */; };
		3E110B951DF6943000C11AFF /* AppDelegate.m in Sources */ = {isa = PBXBuildFile; fileRef = 3E110B941DF6943000C11AFF /* AppDelegate.m */; };
		3E110B981DF6943000C11AFF /* FirstViewController.m in Sources */ = {isa = PBXBuildFile; fileRef = 3E110B971DF6943000C11AFF /* FirstViewController.m */; };
		3E110B9B1DF6943000C11AFF /* SecondViewController.m in Sources */ = {isa = PBXBuildFile; fileRef = 3E110B9A1DF6943000C11AFF /* SecondViewController.m */; };
		3E110B9E1DF6943000C11AFF /* Main.storyboard in Resources */ = {isa = PBXBuildFile; fileRef = 3E110B9C1DF6943000C11AFF /* Main.storyboard */; };
		3E110BA01DF6943000C11AFF /* Assets.xcassets in Resources */ = {isa = PBXBuildFile; fileRef = 3E110B9F1DF6943000C11AFF /* Assets.xcassets */; };
		3E110BA31DF6943000C11AFF /* LaunchScreen.storyboard in Resources */ = {isa = PBXBuildFile; fileRef = 3E110BA11DF6943000C11AFF /* LaunchScreen.storyboard */; };
		3E110BAC1DF697AB00C11AFF /* ThirdViewController.m in Sources */ = {isa = PBXBuildFile; fileRef = 3E110BAB1DF697AB00C11AFF /* ThirdViewController.m */; };
/* End PBXBuildFile section */

/* Begin PBXFileReference section */
		257C922591BEC5F52758396B /* Pods-WeexIOS.debug.xcconfig */ = {isa = PBXFileReference; includeInIndex = 1; lastKnownFileType = text.xcconfig; name = "Pods-WeexIOS.debug.xcconfig"; path = "Pods/Target Support Files/Pods-WeexIOS/Pods-WeexIOS.debug.xcconfig"; sourceTree = "<group>"; };
		3E110B8D1DF6943000C11AFF /* WeexIOS.app */ = {isa = PBXFileReference; explicitFileType = wrapper.application; includeInIndex = 0; path = WeexIOS.app; sourceTree = BUILT_PRODUCTS_DIR; };
		3E110B911DF6943000C11AFF /* main.m */ = {isa = PBXFileReference; lastKnownFileType = sourcecode.c.objc; path = main.m; sourceTree = "<group>"; };
		3E110B931DF6943000C11AFF /* AppDelegate.h */ = {isa = PBXFileReference; lastKnownFileType = sourcecode.c.h; path = AppDelegate.h; sourceTree = "<group>"; };
		3E110B941DF6943000C11AFF /* AppDelegate.m */ = {isa = PBXFileReference; lastKnownFileType = sourcecode.c.objc; path = AppDelegate.m; sourceTree = "<group>"; };
		3E110B961DF6943000C11AFF /* FirstViewController.h */ = {isa = PBXFileReference; lastKnownFileType = sourcecode.c.h; path = FirstViewController.h; sourceTree = "<group>"; };
		3E110B971DF6943000C11AFF /* FirstViewController.m */ = {isa = PBXFileReference; lastKnownFileType = sourcecode.c.objc; path = FirstViewController.m; sourceTree = "<group>"; };
		3E110B991DF6943000C11AFF /* SecondViewController.h */ = {isa = PBXFileReference; lastKnownFileType = sourcecode.c.h; path = SecondViewController.h; sourceTree = "<group>"; };
		3E110B9A1DF6943000C11AFF /* SecondViewController.m */ = {isa = PBXFileReference; lastKnownFileType = sourcecode.c.objc; path = SecondViewController.m; sourceTree = "<group>"; };
		3E110B9D1DF6943000C11AFF /* Base */ = {isa = PBXFileReference; lastKnownFileType = file.storyboard; name = Base; path = Base.lproj/Main.storyboard; sourceTree = "<group>"; };
		3E110B9F1DF6943000C11AFF /* Assets.xcassets */ = {isa = PBXFileReference; lastKnownFileType = folder.assetcatalog; path = Assets.xcassets; sourceTree = "<group>"; };
		3E110BA21DF6943000C11AFF /* Base */ = {isa = PBXFileReference; lastKnownFileType = file.storyboard; name = Base; path = Base.lproj/LaunchScreen.storyboard; sourceTree = "<group>"; };
		3E110BA41DF6943000C11AFF /* Info.plist */ = {isa = PBXFileReference; lastKnownFileType = text.plist.xml; path = Info.plist; sourceTree = "<group>"; };
		3E110BAA1DF697AB00C11AFF /* ThirdViewController.h */ = {isa = PBXFileReference; fileEncoding = 4; lastKnownFileType = sourcecode.c.h; path = ThirdViewController.h; sourceTree = "<group>"; };
		3E110BAB1DF697AB00C11AFF /* ThirdViewController.m */ = {isa = PBXFileReference; fileEncoding = 4; lastKnownFileType = sourcecode.c.objc; path = ThirdViewController.m; sourceTree = "<group>"; };
		DA7F4F9FFDBB2B016203E5ED /* libPods-WeexIOS.a */ = {isa = PBXFileReference; explicitFileType = archive.ar; includeInIndex = 0; path = "libPods-WeexIOS.a"; sourceTree = BUILT_PRODUCTS_DIR; };
		E42A908D3BB9ADE055D44CDB /* Pods-WeexIOS.release.xcconfig */ = {isa = PBXFileReference; includeInIndex = 1; lastKnownFileType = text.xcconfig; name = "Pods-WeexIOS.release.xcconfig"; path = "Pods/Target Support Files/Pods-WeexIOS/Pods-WeexIOS.release.xcconfig"; sourceTree = "<group>"; };
/* End PBXFileReference section */

/* Begin PBXFrameworksBuildPhase section */
		3E110B8A1DF6943000C11AFF /* Frameworks */ = {
			isa = PBXFrameworksBuildPhase;
			buildActionMask = 2147483647;
			files = (
				33C6730ED6BC900B18C964E2 /* libPods-WeexIOS.a in Frameworks */,
			);
			runOnlyForDeploymentPostprocessing = 0;
		};
/* End PBXFrameworksBuildPhase section */

/* Begin PBXGroup section */
		087376F5731A2905595ECA29 /* Frameworks */ = {
			isa = PBXGroup;
			children = (
				DA7F4F9FFDBB2B016203E5ED /* libPods-WeexIOS.a */,
			);
			name = Frameworks;
			sourceTree = "<group>";
		};
		0DE148D786B069F753701EAD /* Pods */ = {
			isa = PBXGroup;
			children = (
				257C922591BEC5F52758396B /* Pods-WeexIOS.debug.xcconfig */,
				E42A908D3BB9ADE055D44CDB /* Pods-WeexIOS.release.xcconfig */,
			);
			name = Pods;
			sourceTree = "<group>";
		};
		3E110B841DF6943000C11AFF = {
			isa = PBXGroup;
			children = (
				3E110B8F1DF6943000C11AFF /* WeexIOS */,
				3E110B8E1DF6943000C11AFF /* Products */,
				0DE148D786B069F753701EAD /* Pods */,
				087376F5731A2905595ECA29 /* Frameworks */,
			);
			sourceTree = "<group>";
		};
		3E110B8E1DF6943000C11AFF /* Products */ = {
			isa = PBXGroup;
			children = (
				3E110B8D1DF6943000C11AFF /* WeexIOS.app */,
			);
			name = Products;
			sourceTree = "<group>";
		};
		3E110B8F1DF6943000C11AFF /* WeexIOS */ = {
			isa = PBXGroup;
			children = (
				3E110B931DF6943000C11AFF /* AppDelegate.h */,
				3E110B941DF6943000C11AFF /* AppDelegate.m */,
				3E110B961DF6943000C11AFF /* FirstViewController.h */,
				3E110B971DF6943000C11AFF /* FirstViewController.m */,
				3E110B991DF6943000C11AFF /* SecondViewController.h */,
				3E110B9A1DF6943000C11AFF /* SecondViewController.m */,
				3E110BAA1DF697AB00C11AFF /* ThirdViewController.h */,
				3E110BAB1DF697AB00C11AFF /* ThirdViewController.m */,
				3E110B9C1DF6943000C11AFF /* Main.storyboard */,
				3E110B9F1DF6943000C11AFF /* Assets.xcassets */,
				3E110BA11DF6943000C11AFF /* LaunchScreen.storyboard */,
				3E110BA41DF6943000C11AFF /* Info.plist */,
				3E110B901DF6943000C11AFF /* Supporting Files */,
			);
			path = WeexIOS;
			sourceTree = "<group>";
		};
		3E110B901DF6943000C11AFF /* Supporting Files */ = {
			isa = PBXGroup;
			children = (
				3E110B911DF6943000C11AFF /* main.m */,
			);
			name = "Supporting Files";
			sourceTree = "<group>";
		};
/* End PBXGroup section */

/* Begin PBXNativeTarget section */
		3E110B8C1DF6943000C11AFF /* WeexIOS */ = {
			isa = PBXNativeTarget;
			buildConfigurationList = 3E110BA71DF6943000C11AFF /* Build configuration list for PBXNativeTarget "WeexIOS" */;
			buildPhases = (
				CEA49190D55039B435DC932C /* [CP] Check Pods Manifest.lock */,
				3E110B891DF6943000C11AFF /* Sources */,
				3E110B8A1DF6943000C11AFF /* Frameworks */,
				3E110B8B1DF6943000C11AFF /* Resources */,
				4EAEED827AADCA7EAECA2BE7 /* [CP] Embed Pods Frameworks */,
				6798BC8031CDCD7BA500ABBB /* [CP] Copy Pods Resources */,
			);
			buildRules = (
			);
			dependencies = (
			);
			name = WeexIOS;
			productName = WeexIOS;
			productReference = 3E110B8D1DF6943000C11AFF /* WeexIOS.app */;
			productType = "com.apple.product-type.application";
		};
/* End PBXNativeTarget section */

/* Begin PBXProject section */
		3E110B851DF6943000C11AFF /* Project object */ = {
			isa = PBXProject;
			attributes = {
				LastUpgradeCheck = 0730;
				ORGANIZATIONNAME = yfan;
				TargetAttributes = {
					3E110B8C1DF6943000C11AFF = {
						CreatedOnToolsVersion = 7.3.1;
					};
				};
			};
			buildConfigurationList = 3E110B881DF6943000C11AFF /* Build configuration list for PBXProject "WeexIOS" */;
			compatibilityVersion = "Xcode 3.2";
			developmentRegion = English;
			hasScannedForEncodings = 0;
			knownRegions = (
				en,
				Base,
			);
			mainGroup = 3E110B841DF6943000C11AFF;
			productRefGroup = 3E110B8E1DF6943000C11AFF /* Products */;
			projectDirPath = "";
			projectRoot = "";
			targets = (
				3E110B8C1DF6943000C11AFF /* WeexIOS */,
			);
		};
/* End PBXProject section */

/* Begin PBXResourcesBuildPhase section */
		3E110B8B1DF6943000C11AFF /* Resources */ = {
			isa = PBXResourcesBuildPhase;
			buildActionMask = 2147483647;
			files = (
				3E110BA31DF6943000C11AFF /* LaunchScreen.storyboard in Resources */,
				3E110BA01DF6943000C11AFF /* Assets.xcassets in Resources */,
				3E110B9E1DF6943000C11AFF /* Main.storyboard in Resources */,
			);
			runOnlyForDeploymentPostprocessing = 0;
		};
/* End PBXResourcesBuildPhase section */

/* Begin PBXShellScriptBuildPhase section */
		4EAEED827AADCA7EAECA2BE7 /* [CP] Embed Pods Frameworks */ = {
			isa = PBXShellScriptBuildPhase;
			buildActionMask = 2147483647;
			files = (
			);
			inputPaths = (
			);
			name = "[CP] Embed Pods Frameworks";
			outputPaths = (
			);
			runOnlyForDeploymentPostprocessing = 0;
			shellPath = /bin/sh;
			shellScript = "\"${SRCROOT}/Pods/Target Support Files/Pods-WeexIOS/Pods-WeexIOS-frameworks.sh\"\n";
			showEnvVarsInLog = 0;
		};
		6798BC8031CDCD7BA500ABBB /* [CP] Copy Pods Resources */ = {
			isa = PBXShellScriptBuildPhase;
			buildActionMask = 2147483647;
			files = (
			);
			inputPaths = (
			);
			name = "[CP] Copy Pods Resources";
			outputPaths = (
			);
			runOnlyForDeploymentPostprocessing = 0;
			shellPath = /bin/sh;
			shellScript = "\"${SRCROOT}/Pods/Target Support Files/Pods-WeexIOS/Pods-WeexIOS-resources.sh\"\n";
			showEnvVarsInLog = 0;
		};
		CEA49190D55039B435DC932C /* [CP] Check Pods Manifest.lock */ = {
			isa = PBXShellScriptBuildPhase;
			buildActionMask = 2147483647;
			files = (
			);
			inputPaths = (
			);
			name = "[CP] Check Pods Manifest.lock";
			outputPaths = (
			);
			runOnlyForDeploymentPostprocessing = 0;
			shellPath = /bin/sh;
			shellScript = "diff \"${PODS_ROOT}/../Podfile.lock\" \"${PODS_ROOT}/Manifest.lock\" > /dev/null\nif [ $? != 0 ] ; then\n    # print error to STDERR\n    echo \"error: The sandbox is not in sync with the Podfile.lock. Run 'pod install' or update your CocoaPods installation.\" >&2\n    exit 1\nfi\n";
			showEnvVarsInLog = 0;
		};
/* End PBXShellScriptBuildPhase section */

/* Begin PBXSourcesBuildPhase section */
		3E110B891DF6943000C11AFF /* Sources */ = {
			isa = PBXSourcesBuildPhase;
			buildActionMask = 2147483647;
			files = (
				3E110B9B1DF6943000C11AFF /* SecondViewController.m in Sources */,
				3E110BAC1DF697AB00C11AFF /* ThirdViewController.m in Sources */,
				3E110B951DF6943000C11AFF /* AppDelegate.m in Sources */,
				3E110B981DF6943000C11AFF /* FirstViewController.m in Sources */,
				3E110B921DF6943000C11AFF /* main.m in Sources */,
			);
			runOnlyForDeploymentPostprocessing = 0;
		};
/* End PBXSourcesBuildPhase section */

/* Begin PBXVariantGroup section */
		3E110B9C1DF6943000C11AFF /* Main.storyboard */ = {
			isa = PBXVariantGroup;
			children = (
				3E110B9D1DF6943000C11AFF /* Base */,
			);
			name = Main.storyboard;
			sourceTree = "<group>";
		};
		3E110BA11DF6943000C11AFF /* LaunchScreen.storyboard */ = {
			isa = PBXVariantGroup;
			children = (
				3E110BA21DF6943000C11AFF /* Base */,
			);
			name = LaunchScreen.storyboard;
			sourceTree = "<group>";
		};
/* End PBXVariantGroup section */

/* Begin XCBuildConfiguration section */
		3E110BA51DF6943000C11AFF /* Debug */ = {
			isa = XCBuildConfiguration;
			buildSettings = {
				ALWAYS_SEARCH_USER_PATHS = NO;
				CLANG_ANALYZER_NONNULL = YES;
				CLANG_CXX_LANGUAGE_STANDARD = "gnu++0x";
				CLANG_CXX_LIBRARY = "libc++";
				CLANG_ENABLE_MODULES = YES;
				CLANG_ENABLE_OBJC_ARC = YES;
				CLANG_WARN_BOOL_CONVERSION = YES;
				CLANG_WARN_CONSTANT_CONVERSION = YES;
				CLANG_WARN_DIRECT_OBJC_ISA_USAGE = YES_ERROR;
				CLANG_WARN_EMPTY_BODY = YES;
				CLANG_WARN_ENUM_CONVERSION = YES;
				CLANG_WARN_INT_CONVERSION = YES;
				CLANG_WARN_OBJC_ROOT_CLASS = YES_ERROR;
				CLANG_WARN_UNREACHABLE_CODE = YES;
				CLANG_WARN__DUPLICATE_METHOD_MATCH = YES;
				"CODE_SIGN_IDENTITY[sdk=iphoneos*]" = "iPhone Developer";
				COPY_PHASE_STRIP = NO;
				DEBUG_INFORMATION_FORMAT = dwarf;
				ENABLE_STRICT_OBJC_MSGSEND = YES;
				ENABLE_TESTABILITY = YES;
				GCC_C_LANGUAGE_STANDARD = gnu99;
				GCC_DYNAMIC_NO_PIC = NO;
				GCC_NO_COMMON_BLOCKS = YES;
				GCC_OPTIMIZATION_LEVEL = 0;
				GCC_PREPROCESSOR_DEFINITIONS = (
					"DEBUG=1",
					"$(inherited)",
				);
				GCC_WARN_64_TO_32_BIT_CONVERSION = YES;
				GCC_WARN_ABOUT_RETURN_TYPE = YES_ERROR;
				GCC_WARN_UNDECLARED_SELECTOR = YES;
				GCC_WARN_UNINITIALIZED_AUTOS = YES_AGGRESSIVE;
				GCC_WARN_UNUSED_FUNCTION = YES;
				GCC_WARN_UNUSED_VARIABLE = YES;
				IPHONEOS_DEPLOYMENT_TARGET = 9.3;
				MTL_ENABLE_DEBUG_INFO = YES;
				ONLY_ACTIVE_ARCH = YES;
				SDKROOT = iphoneos;
				TARGETED_DEVICE_FAMILY = "1,2";
			};
			name = Debug;
		};
		3E110BA61DF6943000C11AFF /* Release */ = {
			isa = XCBuildConfiguration;
			buildSettings = {
				ALWAYS_SEARCH_USER_PATHS = NO;
				CLANG_ANALYZER_NONNULL = YES;
				CLANG_CXX_LANGUAGE_STANDARD = "gnu++0x";
				CLANG_CXX_LIBRARY = "libc++";
				CLANG_ENABLE_MODULES = YES;
				CLANG_ENABLE_OBJC_ARC = YES;
				CLANG_WARN_BOOL_CONVERSION = YES;
				CLANG_WARN_CONSTANT_CONVERSION = YES;
				CLANG_WARN_DIRECT_OBJC_ISA_USAGE = YES_ERROR;
				CLANG_WARN_EMPTY_BODY = YES;
				CLANG_WARN_ENUM_CONVERSION = YES;
				CLANG_WARN_INT_CONVERSION = YES;
				CLANG_WARN_OBJC_ROOT_CLASS = YES_ERROR;
				CLANG_WARN_UNREACHABLE_CODE = YES;
				CLANG_WARN__DUPLICATE_METHOD_MATCH = YES;
				"CODE_SIGN_IDENTITY[sdk=iphoneos*]" = "iPhone Developer";
				COPY_PHASE_STRIP = NO;
				DEBUG_INFORMATION_FORMAT = "dwarf-with-dsym";
				ENABLE_NS_ASSERTIONS = NO;
				ENABLE_STRICT_OBJC_MSGSEND = YES;
				GCC_C_LANGUAGE_STANDARD = gnu99;
				GCC_NO_COMMON_BLOCKS = YES;
				GCC_WARN_64_TO_32_BIT_CONVERSION = YES;
				GCC_WARN_ABOUT_RETURN_TYPE = YES_ERROR;
				GCC_WARN_UNDECLARED_SELECTOR = YES;
				GCC_WARN_UNINITIALIZED_AUTOS = YES_AGGRESSIVE;
				GCC_WARN_UNUSED_FUNCTION = YES;
				GCC_WARN_UNUSED_VARIABLE = YES;
				IPHONEOS_DEPLOYMENT_TARGET = 9.3;
				MTL_ENABLE_DEBUG_INFO = NO;
				SDKROOT = iphoneos;
				TARGETED_DEVICE_FAMILY = "1,2";
				VALIDATE_PRODUCT = YES;
			};
			name = Release;
		};
		3E110BA81DF6943000C11AFF /* Debug */ = {
			isa = XCBuildConfiguration;
			baseConfigurationReference = 257C922591BEC5F52758396B /* Pods-WeexIOS.debug.xcconfig */;
			buildSettings = {
				ASSETCATALOG_COMPILER_APPICON_NAME = AppIcon;
				INFOPLIST_FILE = WeexIOS/Info.plist;
				LD_RUNPATH_SEARCH_PATHS = "$(inherited) @executable_path/Frameworks";
				PRODUCT_BUNDLE_IDENTIFIER = BBT.WeexIOS;
				PRODUCT_NAME = "$(TARGET_NAME)";
			};
			name = Debug;
		};
		3E110BA91DF6943000C11AFF /* Release */ = {
			isa = XCBuildConfiguration;
			baseConfigurationReference = E42A908D3BB9ADE055D44CDB /* Pods-WeexIOS.release.xcconfig */;
			buildSettings = {
				ASSETCATALOG_COMPILER_APPICON_NAME = AppIcon;
				INFOPLIST_FILE = WeexIOS/Info.plist;
				LD_RUNPATH_SEARCH_PATHS = "$(inherited) @executable_path/Frameworks";
				PRODUCT_BUNDLE_IDENTIFIER = BBT.WeexIOS;
				PRODUCT_NAME = "$(TARGET_NAME)";
			};
			name = Release;
		};
/* End XCBuildConfiguration section */

/* Begin XCConfigurationList section */
		3E110B881DF6943000C11AFF /* Build configuration list for PBXProject "WeexIOS" */ = {
			isa = XCConfigurationList;
			buildConfigurations = (
				3E110BA51DF6943000C11AFF /* Debug */,
				3E110BA61DF6943000C11AFF /* Release */,
			);
			defaultConfigurationIsVisible = 0;
			defaultConfigurationName = Release;
		};
		3E110BA71DF6943000C11AFF /* Build configuration list for PBXNativeTarget "WeexIOS" */ = {
			isa = XCConfigurationList;
			buildConfigurations = (
				3E110BA81DF6943000C11AFF /* Debug */,
				3E110BA91DF6943000C11AFF /* Release */,
			);
			defaultConfigurationIsVisible = 0;
		};
/* End XCConfigurationList section */
	};
	rootObject = 3E110B851DF6943000C11AFF /* Project object */;
}
